
Microsoft Visual Studio Solution File, Format Version 12.00
# Visual Studio Version 17
VisualStudioVersion = 17.3.32929.385
MinimumVisualStudioVersion = 10.0.40219.1
Project("{FAE04EC0-301F-11D3-BF4B-00C04F79EFBC}") = "ProductWebAPI", "ProductWebAPI\ProductWebAPI.csproj", "{DCC0142D-F75C-449F-B031-0FA972F1BB22}"
EndProject
Global
	GlobalSection(SolutionConfigurationPlatforms) = preSolution
		Debug|Any CPU = Debug|Any CPU
		Release|Any CPU = Release|Any CPU
	EndGlobalSection
	GlobalSection(ProjectConfigurationPlatforms) = postSolution
		{DCC0142D-F75C-449F-B031-0FA972F1BB22}.Debug|Any CPU.ActiveCfg = Debug|Any CPU
		{DCC0142D-F75C-449F-B031-0FA972F1BB22}.Debug|Any CPU.Build.0 = Debug|Any CPU
		{DCC0142D-F75C-449F-B031-0FA972F1BB22}.Release|Any CPU.ActiveCfg = Release|Any CPU
		{DCC0142D-F75C-449F-B031-0FA972F1BB22}.Release|Any CPU.Build.0 = Release|Any CPU
	EndGlobalSection
	GlobalSection(SolutionProperties) = preSolution
		HideSolutionNode = FALSE
	EndGlobalSection
	GlobalSection(ExtensibilityGlobals) = postSolution
		SolutionGuid = {D0F4A6CD-830C-4416-B884-2F4AD1068F5B}
	EndGlobalSection
EndGlobal
